<?xml version="1.0" encoding="utf-8"?>
<Project ToolsVersion="4.0" xmlns="http://schemas.microsoft.com/developer/msbuild/2003">
  <ItemGroup>
    <ClCompile Include="src\AppResMapping.cpp" />
    <ClCompile Include="src\Rendering.cpp" />
    <ClCompile Include="src\VK_LAYER_OCAT_overlay.cpp" />
    <ClCompile Include="src\SwapchainMapping.cpp" />
    <ClCompile Include="src\OverlayImageData.cpp" />
    <ClCompile Include="src\Compositor\vk_oculus.cpp">
      <Filter>Compositor</Filter>
    </ClCompile>
    <ClCompile Include="src\Compositor\vk_steamvr.cpp">
      <Filter>Compositor</Filter>
    </ClCompile>
  </ItemGroup>
  <ItemGroup>
    <None Include="src\shader.frag" />
    <None Include="src\shader.vert" />
    <None Include="src\shader.comp" />
    <None Include="VK_LAYER_OCAT_overlay.def" />
  </ItemGroup>
  <ItemGroup>
    <ClInclude Include="src\HashMap.h" />
    <ClInclude Include="src\AppResMapping.h" />
    <ClInclude Include="src\Rendering.h" />
    <ClInclude Include="resource.h" />
    <ClInclude Include="src\OverlayImageData.h" />
    <ClInclude Include="src\SwapchainImageData.h" />
    <ClInclude Include="src\SwapchainImageMapping.h" />
    <ClInclude Include="src\SwapchainMapping.h" />
    <ClInclude Include="src\SwapchainQueueMapping.h" />
    <ClInclude Include="src\Compositor\vk_oculus.h">
      <Filter>Compositor</Filter>
    </ClInclude>
    <ClInclude Include="src\Compositor\vk_steamvr.h">
      <Filter>Compositor</Filter>
    </ClInclude>
  </ItemGroup>
  <ItemGroup>
    <ResourceCompile Include="VK_LAYER_OCAT_overlay.rc" />
  </ItemGroup>
  <ItemGroup>
    <Filter Include="Compositor">
      <UniqueIdentifier>{a71d913d-77a0-4d63-ad1f-6e1c61d3c00d}</UniqueIdentifier>
    </Filter>
  </ItemGroup>
</Project>