
Microsoft Visual Studio Solution File, Format Version 12.00
# Visual Studio 14
VisualStudioVersion = 14.0.25420.1
MinimumVisualStudioVersion = 10.0.40219.1
Project("{8BC9CEB8-8B4A-11D0-8D11-00A0C91BC942}") = "PresentMon", "PresentMon\PresentMon.vcxproj", "{4EB9794B-1F12-48CE-ADC1-917E9810F29E}"
	ProjectSection(ProjectDependencies) = postProject
		{DECC266D-25DF-44DC-93CB-DDAF69EC1D71} = {DECC266D-25DF-44DC-93CB-DDAF69EC1D71}
		{73D3DECB-E915-4759-ABD0-FDAC8104B1CB} = {73D3DECB-E915-4759-ABD0-FDAC8104B1CB}
	EndProjectSection
EndProject
Project("{8BC9CEB8-8B4A-11D0-8D11-00A0C91BC942}") = "Wrapper", "Wrapper\Wrapper.vcxproj", "{3776B5BE-33E8-4903-8217-091286CF91F0}"
	ProjectSection(ProjectDependencies) = postProject
		{4EB9794B-1F12-48CE-ADC1-917E9810F29E} = {4EB9794B-1F12-48CE-ADC1-917E9810F29E}
	EndProjectSection
EndProject
Project("{8BC9CEB8-8B4A-11D0-8D11-00A0C91BC942}") = "UWPDebug", "UWPDebug\UWPDebug.vcxproj", "{221E3F5C-9504-4505-810E-578B4EEE6E35}"
	ProjectSection(ProjectDependencies) = postProject
		{4EB9794B-1F12-48CE-ADC1-917E9810F29E} = {4EB9794B-1F12-48CE-ADC1-917E9810F29E}
	EndProjectSection
EndProject
Project("{FAE04EC0-301F-11D3-BF4B-00C04F79EFBC}") = "Frontend", "Frontend\Frontend.csproj", "{3FF0CA4F-38D6-4F45-BCFE-6308B824DFD5}"
	ProjectSection(ProjectDependencies) = postProject
		{3776B5BE-33E8-4903-8217-091286CF91F0} = {3776B5BE-33E8-4903-8217-091286CF91F0}
	EndProjectSection
EndProject
Project("{2150E333-8FDC-42A3-9474-1A3956D46DE8}") = "overlay", "overlay", "{AE8C227A-A0CE-4044-8C62-57F036CBAEA0}"
EndProject
Project("{8BC9CEB8-8B4A-11D0-8D11-00A0C91BC942}") = "DLLInjector", "DLLInjector\DLLInjector.vcxproj", "{2CB4EFA8-1B5D-4BF8-AE28-8F42B99A740E}"
EndProject
Project("{8BC9CEB8-8B4A-11D0-8D11-00A0C91BC942}") = "GlobalHook", "GlobalHook\GlobalHook.vcxproj", "{D5D1B9A8-B627-47E9-B469-E7A3E699F85F}"
EndProject
Project("{8BC9CEB8-8B4A-11D0-8D11-00A0C91BC942}") = "gameoverlay", "gameoverlay\d3d\gameoverlay.vcxproj", "{73D3DECB-E915-4759-ABD0-FDAC8104B1CB}"
	ProjectSection(ProjectDependencies) = postProject
		{783FEDFB-5124-4F8C-87BC-70AA8490266B} = {783FEDFB-5124-4F8C-87BC-70AA8490266B}
	EndProjectSection
EndProject
Project("{8BC9CEB8-8B4A-11D0-8D11-00A0C91BC942}") = "MinHook", "gameoverlay\d3d\deps\MinHook.vcxproj", "{783FEDFB-5124-4F8C-87BC-70AA8490266B}"
EndProject
Project("{930C7802-8A8C-48F9-8165-68863BCCD9DD}") = "Installer", "Installer\Installer.wixproj", "{5A7327A9-753E-4C58-9637-DF30E56F226F}"
EndProject
Project("{930C7802-8A8C-48F9-8165-68863BCCD9DD}") = "Install-Bundle", "OCAT-Installer\Install-Bundle.wixproj", "{6D56F42E-F6CF-4856-A45E-1C353FAE8610}"
EndProject
Project("{8BC9CEB8-8B4A-11D0-8D11-00A0C91BC942}") = "UWPOverlay", "UWPOverlay\UWPOverlay.vcxproj", "{DECC266D-25DF-44DC-93CB-DDAF69EC1D71}"
EndProject
Project("{8BC9CEB8-8B4A-11D0-8D11-00A0C91BC942}") = "VK_LAYER_OCAT_overlay", "gameoverlay\vulkan\VK_LAYER_OCAT_overlay.vcxproj", "{5DCD1605-F3A1-418E-B1E9-3C5382D948C8}"
EndProject
Global
	GlobalSection(SolutionConfigurationPlatforms) = preSolution
		Debug|ARM = Debug|ARM
		Debug|x64 = Debug|x64
		Debug|x86 = Debug|x86
		Release|ARM = Release|ARM
		Release|x64 = Release|x64
		Release|x86 = Release|x86
	EndGlobalSection
	GlobalSection(ProjectConfigurationPlatforms) = postSolution
		{4EB9794B-1F12-48CE-ADC1-917E9810F29E}.Debug|ARM.ActiveCfg = Debug|x64
		{4EB9794B-1F12-48CE-ADC1-917E9810F29E}.Debug|x64.ActiveCfg = Debug|x64
		{4EB9794B-1F12-48CE-ADC1-917E9810F29E}.Debug|x64.Build.0 = Debug|x64
		{4EB9794B-1F12-48CE-ADC1-917E9810F29E}.Debug|x86.ActiveCfg = Debug|x64
		{4EB9794B-1F12-48CE-ADC1-917E9810F29E}.Release|ARM.ActiveCfg = Release|x64
		{4EB9794B-1F12-48CE-ADC1-917E9810F29E}.Release|x64.ActiveCfg = Release|x64
		{4EB9794B-1F12-48CE-ADC1-917E9810F29E}.Release|x64.Build.0 = Release|x64
		{4EB9794B-1F12-48CE-ADC1-917E9810F29E}.Release|x86.ActiveCfg = Release|x64
		{3776B5BE-33E8-4903-8217-091286CF91F0}.Debug|ARM.ActiveCfg = Debug|x64
		{3776B5BE-33E8-4903-8217-091286CF91F0}.Debug|x64.ActiveCfg = Debug|x64
		{3776B5BE-33E8-4903-8217-091286CF91F0}.Debug|x64.Build.0 = Debug|x64
		{3776B5BE-33E8-4903-8217-091286CF91F0}.Debug|x86.ActiveCfg = Debug|x64
		{3776B5BE-33E8-4903-8217-091286CF91F0}.Release|ARM.ActiveCfg = Release|x64
		{3776B5BE-33E8-4903-8217-091286CF91F0}.Release|x64.ActiveCfg = Release|x64
		{3776B5BE-33E8-4903-8217-091286CF91F0}.Release|x64.Build.0 = Release|x64
		{3776B5BE-33E8-4903-8217-091286CF91F0}.Release|x86.ActiveCfg = Release|x64
		{221E3F5C-9504-4505-810E-578B4EEE6E35}.Debug|ARM.ActiveCfg = Debug|x64
		{221E3F5C-9504-4505-810E-578B4EEE6E35}.Debug|x64.ActiveCfg = Debug|x64
		{221E3F5C-9504-4505-810E-578B4EEE6E35}.Debug|x64.Build.0 = Debug|x64
		{221E3F5C-9504-4505-810E-578B4EEE6E35}.Debug|x86.ActiveCfg = Debug|x64
		{221E3F5C-9504-4505-810E-578B4EEE6E35}.Release|ARM.ActiveCfg = Release|x64
		{221E3F5C-9504-4505-810E-578B4EEE6E35}.Release|x64.ActiveCfg = Release|x64
		{221E3F5C-9504-4505-810E-578B4EEE6E35}.Release|x64.Build.0 = Release|x64
		{221E3F5C-9504-4505-810E-578B4EEE6E35}.Release|x86.ActiveCfg = Release|x64
		{3FF0CA4F-38D6-4F45-BCFE-6308B824DFD5}.Debug|ARM.ActiveCfg = Debug|x64
		{3FF0CA4F-38D6-4F45-BCFE-6308B824DFD5}.Debug|x64.ActiveCfg = Debug|x64
		{3FF0CA4F-38D6-4F45-BCFE-6308B824DFD5}.Debug|x64.Build.0 = Debug|x64
		{3FF0CA4F-38D6-4F45-BCFE-6308B824DFD5}.Debug|x86.ActiveCfg = Debug|x64
		{3FF0CA4F-38D6-4F45-BCFE-6308B824DFD5}.Release|ARM.ActiveCfg = Release|x64
		{3FF0CA4F-38D6-4F45-BCFE-6308B824DFD5}.Release|x64.ActiveCfg = Release|x64
		{3FF0CA4F-38D6-4F45-BCFE-6308B824DFD5}.Release|x64.Build.0 = Release|x64
		{3FF0CA4F-38D6-4F45-BCFE-6308B824DFD5}.Release|x86.ActiveCfg = Release|x64
		{2CB4EFA8-1B5D-4BF8-AE28-8F42B99A740E}.Debug|ARM.ActiveCfg = Debug|Win32
		{2CB4EFA8-1B5D-4BF8-AE28-8F42B99A740E}.Debug|x64.ActiveCfg = Debug|x64
		{2CB4EFA8-1B5D-4BF8-AE28-8F42B99A740E}.Debug|x64.Build.0 = Debug|x64
		{2CB4EFA8-1B5D-4BF8-AE28-8F42B99A740E}.Debug|x86.ActiveCfg = Debug|Win32
		{2CB4EFA8-1B5D-4BF8-AE28-8F42B99A740E}.Debug|x86.Build.0 = Debug|Win32
		{2CB4EFA8-1B5D-4BF8-AE28-8F42B99A740E}.Release|ARM.ActiveCfg = Release|Win32
		{2CB4EFA8-1B5D-4BF8-AE28-8F42B99A740E}.Release|x64.ActiveCfg = Release|x64
		{2CB4EFA8-1B5D-4BF8-AE28-8F42B99A740E}.Release|x64.Build.0 = Release|x64
		{2CB4EFA8-1B5D-4BF8-AE28-8F42B99A740E}.Release|x86.ActiveCfg = Release|Win32
		{2CB4EFA8-1B5D-4BF8-AE28-8F42B99A740E}.Release|x86.Build.0 = Release|Win32
		{D5D1B9A8-B627-47E9-B469-E7A3E699F85F}.Debug|ARM.ActiveCfg = Debug|Win32
		{D5D1B9A8-B627-47E9-B469-E7A3E699F85F}.Debug|x64.ActiveCfg = Debug|x64
		{D5D1B9A8-B627-47E9-B469-E7A3E699F85F}.Debug|x64.Build.0 = Debug|x64
		{D5D1B9A8-B627-47E9-B469-E7A3E699F85F}.Debug|x86.ActiveCfg = Debug|Win32
		{D5D1B9A8-B627-47E9-B469-E7A3E699F85F}.Debug|x86.Build.0 = Debug|Win32
		{D5D1B9A8-B627-47E9-B469-E7A3E699F85F}.Release|ARM.ActiveCfg = Release|Win32
		{D5D1B9A8-B627-47E9-B469-E7A3E699F85F}.Release|x64.ActiveCfg = Release|x64
		{D5D1B9A8-B627-47E9-B469-E7A3E699F85F}.Release|x64.Build.0 = Release|x64
		{D5D1B9A8-B627-47E9-B469-E7A3E699F85F}.Release|x86.ActiveCfg = Release|Win32
		{D5D1B9A8-B627-47E9-B469-E7A3E699F85F}.Release|x86.Build.0 = Release|Win32
		{73D3DECB-E915-4759-ABD0-FDAC8104B1CB}.Debug|ARM.ActiveCfg = Debug|Win32
		{73D3DECB-E915-4759-ABD0-FDAC8104B1CB}.Debug|x64.ActiveCfg = Debug|x64
		{73D3DECB-E915-4759-ABD0-FDAC8104B1CB}.Debug|x64.Build.0 = Debug|x64
		{73D3DECB-E915-4759-ABD0-FDAC8104B1CB}.Debug|x86.ActiveCfg = Debug|Win32
		{73D3DECB-E915-4759-ABD0-FDAC8104B1CB}.Debug|x86.Build.0 = Debug|Win32
		{73D3DECB-E915-4759-ABD0-FDAC8104B1CB}.Release|ARM.ActiveCfg = Release|Win32
		{73D3DECB-E915-4759-ABD0-FDAC8104B1CB}.Release|x64.ActiveCfg = Release|x64
		{73D3DECB-E915-4759-ABD0-FDAC8104B1CB}.Release|x64.Build.0 = Release|x64
		{73D3DECB-E915-4759-ABD0-FDAC8104B1CB}.Release|x86.ActiveCfg = Release|Win32
		{73D3DECB-E915-4759-ABD0-FDAC8104B1CB}.Release|x86.Build.0 = Release|Win32
		{783FEDFB-5124-4F8C-87BC-70AA8490266B}.Debug|ARM.ActiveCfg = Debug|Win32
		{783FEDFB-5124-4F8C-87BC-70AA8490266B}.Debug|x64.ActiveCfg = Debug|x64
		{783FEDFB-5124-4F8C-87BC-70AA8490266B}.Debug|x64.Build.0 = Debug|x64
		{783FEDFB-5124-4F8C-87BC-70AA8490266B}.Debug|x86.ActiveCfg = Debug|Win32
		{783FEDFB-5124-4F8C-87BC-70AA8490266B}.Debug|x86.Build.0 = Debug|Win32
		{783FEDFB-5124-4F8C-87BC-70AA8490266B}.Release|ARM.ActiveCfg = Release|Win32
		{783FEDFB-5124-4F8C-87BC-70AA8490266B}.Release|x64.ActiveCfg = Release|x64
		{783FEDFB-5124-4F8C-87BC-70AA8490266B}.Release|x64.Build.0 = Release|x64
		{783FEDFB-5124-4F8C-87BC-70AA8490266B}.Release|x86.ActiveCfg = Release|Win32
		{783FEDFB-5124-4F8C-87BC-70AA8490266B}.Release|x86.Build.0 = Release|Win32
		{5A7327A9-753E-4C58-9637-DF30E56F226F}.Debug|ARM.ActiveCfg = Debug|x86
		{5A7327A9-753E-4C58-9637-DF30E56F226F}.Debug|x64.ActiveCfg = Debug|x86
		{5A7327A9-753E-4C58-9637-DF30E56F226F}.Debug|x86.ActiveCfg = Debug|x86
		{5A7327A9-753E-4C58-9637-DF30E56F226F}.Debug|x86.Build.0 = Debug|x86
		{5A7327A9-753E-4C58-9637-DF30E56F226F}.Release|ARM.ActiveCfg = Release|x86
		{5A7327A9-753E-4C58-9637-DF30E56F226F}.Release|x64.ActiveCfg = Release|x86
		{5A7327A9-753E-4C58-9637-DF30E56F226F}.Release|x86.ActiveCfg = Release|x86
		{5A7327A9-753E-4C58-9637-DF30E56F226F}.Release|x86.Build.0 = Release|x86
		{6D56F42E-F6CF-4856-A45E-1C353FAE8610}.Debug|ARM.ActiveCfg = Debug|x86
		{6D56F42E-F6CF-4856-A45E-1C353FAE8610}.Debug|x64.ActiveCfg = Debug|x86
		{6D56F42E-F6CF-4856-A45E-1C353FAE8610}.Debug|x86.ActiveCfg = Debug|x86
		{6D56F42E-F6CF-4856-A45E-1C353FAE8610}.Debug|x86.Build.0 = Debug|x86
		{6D56F42E-F6CF-4856-A45E-1C353FAE8610}.Release|ARM.ActiveCfg = Release|x86
		{6D56F42E-F6CF-4856-A45E-1C353FAE8610}.Release|x64.ActiveCfg = Release|x86
		{6D56F42E-F6CF-4856-A45E-1C353FAE8610}.Release|x86.ActiveCfg = Release|x86
		{6D56F42E-F6CF-4856-A45E-1C353FAE8610}.Release|x86.Build.0 = Release|x86
		{DECC266D-25DF-44DC-93CB-DDAF69EC1D71}.Debug|ARM.ActiveCfg = Debug|x64
		{DECC266D-25DF-44DC-93CB-DDAF69EC1D71}.Debug|x64.ActiveCfg = Debug|x64
		{DECC266D-25DF-44DC-93CB-DDAF69EC1D71}.Debug|x64.Build.0 = Debug|x64
		{DECC266D-25DF-44DC-93CB-DDAF69EC1D71}.Debug|x86.ActiveCfg = Debug|x64
		{DECC266D-25DF-44DC-93CB-DDAF69EC1D71}.Release|ARM.ActiveCfg = Release|x64
		{DECC266D-25DF-44DC-93CB-DDAF69EC1D71}.Release|x64.ActiveCfg = Release|x64
		{DECC266D-25DF-44DC-93CB-DDAF69EC1D71}.Release|x64.Build.0 = Release|x64
		{DECC266D-25DF-44DC-93CB-DDAF69EC1D71}.Release|x86.ActiveCfg = Release|x64
		{5DCD1605-F3A1-418E-B1E9-3C5382D948C8}.Debug|ARM.ActiveCfg = Debug|Win32
		{5DCD1605-F3A1-418E-B1E9-3C5382D948C8}.Debug|x64.ActiveCfg = Debug|x64
		{5DCD1605-F3A1-418E-B1E9-3C5382D948C8}.Debug|x64.Build.0 = Debug|x64
		{5DCD1605-F3A1-418E-B1E9-3C5382D948C8}.Debug|x86.ActiveCfg = Debug|Win32
		{5DCD1605-F3A1-418E-B1E9-3C5382D948C8}.Debug|x86.Build.0 = Debug|Win32
		{5DCD1605-F3A1-418E-B1E9-3C5382D948C8}.Release|ARM.ActiveCfg = Release|Win32
		{5DCD1605-F3A1-418E-B1E9-3C5382D948C8}.Release|x64.ActiveCfg = Release|x64
		{5DCD1605-F3A1-418E-B1E9-3C5382D948C8}.Release|x64.Build.0 = Release|x64
		{5DCD1605-F3A1-418E-B1E9-3C5382D948C8}.Release|x86.ActiveCfg = Release|Win32
		{5DCD1605-F3A1-418E-B1E9-3C5382D948C8}.Release|x86.Build.0 = Release|Win32
	EndGlobalSection
	GlobalSection(SolutionProperties) = preSolution
		HideSolutionNode = FALSE
	EndGlobalSection
	GlobalSection(NestedProjects) = preSolution
		{73D3DECB-E915-4759-ABD0-FDAC8104B1CB} = {AE8C227A-A0CE-4044-8C62-57F036CBAEA0}
		{783FEDFB-5124-4F8C-87BC-70AA8490266B} = {AE8C227A-A0CE-4044-8C62-57F036CBAEA0}
		{5DCD1605-F3A1-418E-B1E9-3C5382D948C8} = {AE8C227A-A0CE-4044-8C62-57F036CBAEA0}
	EndGlobalSection
EndGlobal
