
Microsoft Visual Studio Solution File, Format Version 12.00
# Visual Studio 15
VisualStudioVersion = 15.0.27130.2026
MinimumVisualStudioVersion = 10.0.40219.1
Project("{8BC9CEB8-8B4A-11D0-8D11-00A0C91BC942}") = "Wrapper", "Wrapper\Wrapper.vcxproj", "{3776B5BE-33E8-4903-8217-091286CF91F0}"
	ProjectSection(ProjectDependencies) = postProject
		{62089454-A7BA-4416-9E4B-EB0085797582} = {62089454-A7BA-4416-9E4B-EB0085797582}
		{085C58B9-7145-4701-8155-8CDA6F4E222D} = {085C58B9-7145-4701-8155-8CDA6F4E222D}
	EndProjectSection
EndProject
Project("{8BC9CEB8-8B4A-11D0-8D11-00A0C91BC942}") = "UWPDebug", "UWPDebug\UWPDebug.vcxproj", "{221E3F5C-9504-4505-810E-578B4EEE6E35}"
	ProjectSection(ProjectDependencies) = postProject
		{62089454-A7BA-4416-9E4B-EB0085797582} = {62089454-A7BA-4416-9E4B-EB0085797582}
	EndProjectSection
EndProject
Project("{FAE04EC0-301F-11D3-BF4B-00C04F79EFBC}") = "Frontend", "Frontend\Frontend.csproj", "{3FF0CA4F-38D6-4F45-BCFE-6308B824DFD5}"
	ProjectSection(ProjectDependencies) = postProject
		{3776B5BE-33E8-4903-8217-091286CF91F0} = {3776B5BE-33E8-4903-8217-091286CF91F0}
	EndProjectSection
EndProject
Project("{2150E333-8FDC-42A3-9474-1A3956D46DE8}") = "overlay", "overlay", "{AE8C227A-A0CE-4044-8C62-57F036CBAEA0}"
EndProject
Project("{8BC9CEB8-8B4A-11D0-8D11-00A0C91BC942}") = "DLLInjector", "DLLInjector\DLLInjector.vcxproj", "{2CB4EFA8-1B5D-4BF8-AE28-8F42B99A740E}"
	ProjectSection(ProjectDependencies) = postProject
		{62089454-A7BA-4416-9E4B-EB0085797582} = {62089454-A7BA-4416-9E4B-EB0085797582}
	EndProjectSection
EndProject
Project("{8BC9CEB8-8B4A-11D0-8D11-00A0C91BC942}") = "GlobalHook", "GlobalHook\GlobalHook.vcxproj", "{D5D1B9A8-B627-47E9-B469-E7A3E699F85F}"
	ProjectSection(ProjectDependencies) = postProject
		{62089454-A7BA-4416-9E4B-EB0085797582} = {62089454-A7BA-4416-9E4B-EB0085797582}
	EndProjectSection
EndProject
Project("{8BC9CEB8-8B4A-11D0-8D11-00A0C91BC942}") = "GameOverlay", "GameOverlay\d3d\GameOverlay.vcxproj", "{73D3DECB-E915-4759-ABD0-FDAC8104B1CB}"
	ProjectSection(ProjectDependencies) = postProject
		{F142A341-5EE0-442D-A15F-98AE9B48DBAE} = {F142A341-5EE0-442D-A15F-98AE9B48DBAE}
		{62089454-A7BA-4416-9E4B-EB0085797582} = {62089454-A7BA-4416-9E4B-EB0085797582}
	EndProjectSection
EndProject
Project("{930C7802-8A8C-48F9-8165-68863BCCD9DD}") = "Installer", "Installer\Installer.wixproj", "{5A7327A9-753E-4C58-9637-DF30E56F226F}"
EndProject
Project("{930C7802-8A8C-48F9-8165-68863BCCD9DD}") = "Install-Bundle", "OCAT-Installer\Install-Bundle.wixproj", "{6D56F42E-F6CF-4856-A45E-1C353FAE8610}"
EndProject
Project("{8BC9CEB8-8B4A-11D0-8D11-00A0C91BC942}") = "UWPOverlay", "UWPOverlay\UWPOverlay.vcxproj", "{DECC266D-25DF-44DC-93CB-DDAF69EC1D71}"
	ProjectSection(ProjectDependencies) = postProject
		{62089454-A7BA-4416-9E4B-EB0085797582} = {62089454-A7BA-4416-9E4B-EB0085797582}
	EndProjectSection
EndProject
Project("{8BC9CEB8-8B4A-11D0-8D11-00A0C91BC942}") = "VK_LAYER_OCAT_overlay", "GameOverlay\vulkan\VK_LAYER_OCAT_overlay.vcxproj", "{5DCD1605-F3A1-418E-B1E9-3C5382D948C8}"
	ProjectSection(ProjectDependencies) = postProject
		{62089454-A7BA-4416-9E4B-EB0085797582} = {62089454-A7BA-4416-9E4B-EB0085797582}
		{73D3DECB-E915-4759-ABD0-FDAC8104B1CB} = {73D3DECB-E915-4759-ABD0-FDAC8104B1CB}
	EndProjectSection
EndProject
Project("{8BC9CEB8-8B4A-11D0-8D11-00A0C91BC942}") = "libMinHook", "MinHook\build\VC15\libMinHook.vcxproj", "{F142A341-5EE0-442D-A15F-98AE9B48DBAE}"
EndProject
Project("{8BC9CEB8-8B4A-11D0-8D11-00A0C91BC942}") = "Commons", "Commons\Commons.vcxproj", "{62089454-A7BA-4416-9E4B-EB0085797582}"
EndProject
Project("{8BC9CEB8-8B4A-11D0-8D11-00A0C91BC942}") = "PresentMonInterface", "PresentMonInterface\PresentMonInterface.vcxproj", "{085C58B9-7145-4701-8155-8CDA6F4E222D}"
	ProjectSection(ProjectDependencies) = postProject
		{62089454-A7BA-4416-9E4B-EB0085797582} = {62089454-A7BA-4416-9E4B-EB0085797582}
	EndProjectSection
EndProject
Global
	GlobalSection(SolutionConfigurationPlatforms) = preSolution
		Debug|x64 = Debug|x64
		Debug|x86 = Debug|x86
		Release|x64 = Release|x64
		Release|x86 = Release|x86
	EndGlobalSection
	GlobalSection(ProjectConfigurationPlatforms) = postSolution
		{3776B5BE-33E8-4903-8217-091286CF91F0}.Debug|x64.ActiveCfg = Debug|x64
		{3776B5BE-33E8-4903-8217-091286CF91F0}.Debug|x64.Build.0 = Debug|x64
		{3776B5BE-33E8-4903-8217-091286CF91F0}.Debug|x86.ActiveCfg = Debug|x64
		{3776B5BE-33E8-4903-8217-091286CF91F0}.Release|x64.ActiveCfg = Release|x64
		{3776B5BE-33E8-4903-8217-091286CF91F0}.Release|x64.Build.0 = Release|x64
		{3776B5BE-33E8-4903-8217-091286CF91F0}.Release|x86.ActiveCfg = Release|x64
		{221E3F5C-9504-4505-810E-578B4EEE6E35}.Debug|x64.ActiveCfg = Debug|x64
		{221E3F5C-9504-4505-810E-578B4EEE6E35}.Debug|x64.Build.0 = Debug|x64
		{221E3F5C-9504-4505-810E-578B4EEE6E35}.Debug|x86.ActiveCfg = Debug|x64
		{221E3F5C-9504-4505-810E-578B4EEE6E35}.Release|x64.ActiveCfg = Release|x64
		{221E3F5C-9504-4505-810E-578B4EEE6E35}.Release|x64.Build.0 = Release|x64
		{221E3F5C-9504-4505-810E-578B4EEE6E35}.Release|x86.ActiveCfg = Release|x64
		{3FF0CA4F-38D6-4F45-BCFE-6308B824DFD5}.Debug|x64.ActiveCfg = Debug|x64
		{3FF0CA4F-38D6-4F45-BCFE-6308B824DFD5}.Debug|x64.Build.0 = Debug|x64
		{3FF0CA4F-38D6-4F45-BCFE-6308B824DFD5}.Debug|x86.ActiveCfg = Debug|x64
		{3FF0CA4F-38D6-4F45-BCFE-6308B824DFD5}.Release|x64.ActiveCfg = Release|x64
		{3FF0CA4F-38D6-4F45-BCFE-6308B824DFD5}.Release|x64.Build.0 = Release|x64
		{3FF0CA4F-38D6-4F45-BCFE-6308B824DFD5}.Release|x86.ActiveCfg = Release|x64
		{2CB4EFA8-1B5D-4BF8-AE28-8F42B99A740E}.Debug|x64.ActiveCfg = Debug|x64
		{2CB4EFA8-1B5D-4BF8-AE28-8F42B99A740E}.Debug|x64.Build.0 = Debug|x64
		{2CB4EFA8-1B5D-4BF8-AE28-8F42B99A740E}.Debug|x86.ActiveCfg = Debug|Win32
		{2CB4EFA8-1B5D-4BF8-AE28-8F42B99A740E}.Debug|x86.Build.0 = Debug|Win32
		{2CB4EFA8-1B5D-4BF8-AE28-8F42B99A740E}.Release|x64.ActiveCfg = Release|x64
		{2CB4EFA8-1B5D-4BF8-AE28-8F42B99A740E}.Release|x64.Build.0 = Release|x64
		{2CB4EFA8-1B5D-4BF8-AE28-8F42B99A740E}.Release|x86.ActiveCfg = Release|Win32
		{2CB4EFA8-1B5D-4BF8-AE28-8F42B99A740E}.Release|x86.Build.0 = Release|Win32
		{D5D1B9A8-B627-47E9-B469-E7A3E699F85F}.Debug|x64.ActiveCfg = Debug|x64
		{D5D1B9A8-B627-47E9-B469-E7A3E699F85F}.Debug|x64.Build.0 = Debug|x64
		{D5D1B9A8-B627-47E9-B469-E7A3E699F85F}.Debug|x86.ActiveCfg = Debug|Win32
		{D5D1B9A8-B627-47E9-B469-E7A3E699F85F}.Debug|x86.Build.0 = Debug|Win32
		{D5D1B9A8-B627-47E9-B469-E7A3E699F85F}.Release|x64.ActiveCfg = Release|x64
		{D5D1B9A8-B627-47E9-B469-E7A3E699F85F}.Release|x64.Build.0 = Release|x64
		{D5D1B9A8-B627-47E9-B469-E7A3E699F85F}.Release|x86.ActiveCfg = Release|Win32
		{D5D1B9A8-B627-47E9-B469-E7A3E699F85F}.Release|x86.Build.0 = Release|Win32
		{73D3DECB-E915-4759-ABD0-FDAC8104B1CB}.Debug|x64.ActiveCfg = Debug|x64
		{73D3DECB-E915-4759-ABD0-FDAC8104B1CB}.Debug|x64.Build.0 = Debug|x64
		{73D3DECB-E915-4759-ABD0-FDAC8104B1CB}.Debug|x86.ActiveCfg = Debug|Win32
		{73D3DECB-E915-4759-ABD0-FDAC8104B1CB}.Debug|x86.Build.0 = Debug|Win32
		{73D3DECB-E915-4759-ABD0-FDAC8104B1CB}.Release|x64.ActiveCfg = Release|x64
		{73D3DECB-E915-4759-ABD0-FDAC8104B1CB}.Release|x64.Build.0 = Release|x64
		{73D3DECB-E915-4759-ABD0-FDAC8104B1CB}.Release|x86.ActiveCfg = Release|Win32
		{73D3DECB-E915-4759-ABD0-FDAC8104B1CB}.Release|x86.Build.0 = Release|Win32
		{5A7327A9-753E-4C58-9637-DF30E56F226F}.Debug|x64.ActiveCfg = Debug|x64
		{5A7327A9-753E-4C58-9637-DF30E56F226F}.Debug|x64.Build.0 = Debug|x64
		{5A7327A9-753E-4C58-9637-DF30E56F226F}.Debug|x86.ActiveCfg = Debug|x64
		{5A7327A9-753E-4C58-9637-DF30E56F226F}.Release|x64.ActiveCfg = Release|x64
		{5A7327A9-753E-4C58-9637-DF30E56F226F}.Release|x64.Build.0 = Release|x64
		{5A7327A9-753E-4C58-9637-DF30E56F226F}.Release|x86.ActiveCfg = Release|x64
		{6D56F42E-F6CF-4856-A45E-1C353FAE8610}.Debug|x64.ActiveCfg = Debug|x64
		{6D56F42E-F6CF-4856-A45E-1C353FAE8610}.Debug|x64.Build.0 = Debug|x64
		{6D56F42E-F6CF-4856-A45E-1C353FAE8610}.Debug|x86.ActiveCfg = Debug|x64
		{6D56F42E-F6CF-4856-A45E-1C353FAE8610}.Release|x64.ActiveCfg = Release|x64
		{6D56F42E-F6CF-4856-A45E-1C353FAE8610}.Release|x64.Build.0 = Release|x64
		{6D56F42E-F6CF-4856-A45E-1C353FAE8610}.Release|x86.ActiveCfg = Release|x64
		{DECC266D-25DF-44DC-93CB-DDAF69EC1D71}.Debug|x64.ActiveCfg = Debug|x64
		{DECC266D-25DF-44DC-93CB-DDAF69EC1D71}.Debug|x64.Build.0 = Debug|x64
		{DECC266D-25DF-44DC-93CB-DDAF69EC1D71}.Debug|x86.ActiveCfg = Debug|x64
		{DECC266D-25DF-44DC-93CB-DDAF69EC1D71}.Release|x64.ActiveCfg = Release|x64
		{DECC266D-25DF-44DC-93CB-DDAF69EC1D71}.Release|x64.Build.0 = Release|x64
		{DECC266D-25DF-44DC-93CB-DDAF69EC1D71}.Release|x86.ActiveCfg = Release|x64
		{5DCD1605-F3A1-418E-B1E9-3C5382D948C8}.Debug|x64.ActiveCfg = Debug|x64
		{5DCD1605-F3A1-418E-B1E9-3C5382D948C8}.Debug|x64.Build.0 = Debug|x64
		{5DCD1605-F3A1-418E-B1E9-3C5382D948C8}.Debug|x86.ActiveCfg = Debug|Win32
		{5DCD1605-F3A1-418E-B1E9-3C5382D948C8}.Debug|x86.Build.0 = Debug|Win32
		{5DCD1605-F3A1-418E-B1E9-3C5382D948C8}.Release|x64.ActiveCfg = Release|x64
		{5DCD1605-F3A1-418E-B1E9-3C5382D948C8}.Release|x64.Build.0 = Release|x64
		{5DCD1605-F3A1-418E-B1E9-3C5382D948C8}.Release|x86.ActiveCfg = Release|Win32
		{5DCD1605-F3A1-418E-B1E9-3C5382D948C8}.Release|x86.Build.0 = Release|Win32
		{F142A341-5EE0-442D-A15F-98AE9B48DBAE}.Debug|x64.ActiveCfg = Debug|x64
		{F142A341-5EE0-442D-A15F-98AE9B48DBAE}.Debug|x64.Build.0 = Debug|x64
		{F142A341-5EE0-442D-A15F-98AE9B48DBAE}.Debug|x86.ActiveCfg = Debug|Win32
		{F142A341-5EE0-442D-A15F-98AE9B48DBAE}.Debug|x86.Build.0 = Debug|Win32
		{F142A341-5EE0-442D-A15F-98AE9B48DBAE}.Release|x64.ActiveCfg = Release|x64
		{F142A341-5EE0-442D-A15F-98AE9B48DBAE}.Release|x64.Build.0 = Release|x64
		{F142A341-5EE0-442D-A15F-98AE9B48DBAE}.Release|x86.ActiveCfg = Release|Win32
		{F142A341-5EE0-442D-A15F-98AE9B48DBAE}.Release|x86.Build.0 = Release|Win32
		{62089454-A7BA-4416-9E4B-EB0085797582}.Debug|x64.ActiveCfg = Debug|x64
		{62089454-A7BA-4416-9E4B-EB0085797582}.Debug|x64.Build.0 = Debug|x64
		{62089454-A7BA-4416-9E4B-EB0085797582}.Debug|x86.ActiveCfg = Debug|Win32
		{62089454-A7BA-4416-9E4B-EB0085797582}.Debug|x86.Build.0 = Debug|Win32
		{62089454-A7BA-4416-9E4B-EB0085797582}.Release|x64.ActiveCfg = Release|x64
		{62089454-A7BA-4416-9E4B-EB0085797582}.Release|x64.Build.0 = Release|x64
		{62089454-A7BA-4416-9E4B-EB0085797582}.Release|x86.ActiveCfg = Release|Win32
		{62089454-A7BA-4416-9E4B-EB0085797582}.Release|x86.Build.0 = Release|Win32
		{085C58B9-7145-4701-8155-8CDA6F4E222D}.Debug|x64.ActiveCfg = Debug|x64
		{085C58B9-7145-4701-8155-8CDA6F4E222D}.Debug|x64.Build.0 = Debug|x64
		{085C58B9-7145-4701-8155-8CDA6F4E222D}.Debug|x86.ActiveCfg = Debug|Win32
		{085C58B9-7145-4701-8155-8CDA6F4E222D}.Debug|x86.Build.0 = Debug|Win32
		{085C58B9-7145-4701-8155-8CDA6F4E222D}.Release|x64.ActiveCfg = Release|x64
		{085C58B9-7145-4701-8155-8CDA6F4E222D}.Release|x64.Build.0 = Release|x64
		{085C58B9-7145-4701-8155-8CDA6F4E222D}.Release|x86.ActiveCfg = Release|Win32
		{085C58B9-7145-4701-8155-8CDA6F4E222D}.Release|x86.Build.0 = Release|Win32
	EndGlobalSection
	GlobalSection(SolutionProperties) = preSolution
		HideSolutionNode = FALSE
	EndGlobalSection
	GlobalSection(NestedProjects) = preSolution
		{73D3DECB-E915-4759-ABD0-FDAC8104B1CB} = {AE8C227A-A0CE-4044-8C62-57F036CBAEA0}
		{5DCD1605-F3A1-418E-B1E9-3C5382D948C8} = {AE8C227A-A0CE-4044-8C62-57F036CBAEA0}
	EndGlobalSection
	GlobalSection(ExtensibilityGlobals) = postSolution
		SolutionGuid = {2FBB5E8A-A49A-4CED-A00A-A761A71E14CB}
	EndGlobalSection
EndGlobal
