<?xml version="1.0" encoding="utf-8"?>
<Project ToolsVersion="4.0" xmlns="http://schemas.microsoft.com/developer/msbuild/2003">
  <ItemGroup>
    <Filter Include="d3d">
      <UniqueIdentifier>{80a80b6e-5795-4cf0-ba22-4f910164f04e}</UniqueIdentifier>
    </Filter>
    <Filter Include="d3d\Shaders">
      <UniqueIdentifier>{d2645e91-8db9-4f9b-802b-8e5693cf6b69}</UniqueIdentifier>
    </Filter>
    <Filter Include="Hook">
      <UniqueIdentifier>{856af5ed-b652-435b-a78e-93b388a64ca0}</UniqueIdentifier>
    </Filter>
    <Filter Include="d3d\Compositor">
      <UniqueIdentifier>{f25ea9db-dc75-4902-8cd8-cb61355cf92e}</UniqueIdentifier>
    </Filter>
  </ItemGroup>
  <ItemGroup>
    <ClCompile Include="source\main.cpp" />
    <ClCompile Include="source\d3d\d3d11_renderer.cpp">
      <Filter>d3d</Filter>
    </ClCompile>
    <ClCompile Include="source\d3d\d3d12_renderer.cpp">
      <Filter>d3d</Filter>
    </ClCompile>
    <ClCompile Include="source\d3d\dxgi.cpp">
      <Filter>d3d</Filter>
    </ClCompile>
    <ClCompile Include="source\d3d\dxgi_swapchain.cpp">
      <Filter>d3d</Filter>
    </ClCompile>
    <ClCompile Include="source\hook.cpp">
      <Filter>Hook</Filter>
    </ClCompile>
    <ClCompile Include="source\hook_manager.cpp">
      <Filter>Hook</Filter>
    </ClCompile>
    <ClCompile Include="source\d3d\DXGIWrapper.cpp">
      <Filter>d3d</Filter>
    </ClCompile>
    <ClCompile Include="source\d3d\oculus.cpp">
      <Filter>d3d\Compositor</Filter>
    </ClCompile>
    <ClCompile Include="source\d3d\steamvr.cpp">
      <Filter>d3d\Compositor</Filter>
    </ClCompile>
  </ItemGroup>
  <ItemGroup>
    <ClInclude Include="source\d3d\d3d11_renderer.hpp">
      <Filter>d3d</Filter>
    </ClInclude>
    <ClInclude Include="source\d3d\d3d12_renderer.hpp">
      <Filter>d3d</Filter>
    </ClInclude>
    <ClInclude Include="source\d3d\dxgi_swapchain.hpp">
      <Filter>d3d</Filter>
    </ClInclude>
    <ClInclude Include="res\resource.h" />
    <ClInclude Include="OverlayVS_Byte.h">
      <Filter>d3d\Shaders</Filter>
    </ClInclude>
    <ClInclude Include="OverlayPS_Byte.h">
      <Filter>d3d\Shaders</Filter>
    </ClInclude>
    <ClInclude Include="source\hook_manager.hpp">
      <Filter>Hook</Filter>
    </ClInclude>
    <ClInclude Include="source\hook.hpp">
      <Filter>Hook</Filter>
    </ClInclude>
    <ClInclude Include="source\critical_section.hpp">
      <Filter>Hook</Filter>
    </ClInclude>
    <ClInclude Include="source\d3d\DXGIWrapper.h">
      <Filter>d3d</Filter>
    </ClInclude>
    <ClInclude Include="source\d3d\oculus.h">
      <Filter>d3d\Compositor</Filter>
    </ClInclude>
    <ClInclude Include="source\d3d\steamvr.h">
      <Filter>d3d\Compositor</Filter>
    </ClInclude>
  </ItemGroup>
  <ItemGroup>
    <ResourceCompile Include="res\resource.rc" />
  </ItemGroup>
  <ItemGroup>
    <FxCompile Include="source\d3d\OverlayVS.hlsl">
      <Filter>d3d\Shaders</Filter>
    </FxCompile>
    <FxCompile Include="source\d3d\OverlayPS.hlsl">
      <Filter>d3d\Shaders</Filter>
    </FxCompile>
  </ItemGroup>
</Project>