<?xml version="1.0" encoding="utf-8"?>
<Project ToolsVersion="4.0" xmlns="http://schemas.microsoft.com/developer/msbuild/2003">
  <ItemGroup>
    <ClCompile Include="Source\Config\BlackList.cpp">
      <Filter>Config</Filter>
    </ClCompile>
    <ClCompile Include="Source\Config\Config.cpp">
      <Filter>Config</Filter>
    </ClCompile>
    <ClCompile Include="Source\Logging\MessageLog.cpp">
      <Filter>Logging</Filter>
    </ClCompile>
    <ClCompile Include="Source\Overlay\GlobalHook.cpp">
      <Filter>Overlay\Hook</Filter>
    </ClCompile>
    <ClCompile Include="Source\Overlay\Hook.cpp">
      <Filter>Overlay\Hook</Filter>
    </ClCompile>
    <ClCompile Include="Source\Overlay\DLLInjection.cpp">
      <Filter>Overlay\Injection</Filter>
    </ClCompile>
    <ClCompile Include="Source\Overlay\OverlayMessage.cpp">
      <Filter>Overlay\Injection</Filter>
    </ClCompile>
    <ClCompile Include="Source\Overlay\Overlay.cpp">
      <Filter>Overlay</Filter>
    </ClCompile>
    <ClCompile Include="Source\Overlay\OverlayInterface.cpp">
      <Filter>Overlay</Filter>
    </ClCompile>
    <ClCompile Include="PresentMon.cpp">
      <Filter>PresentMon</Filter>
    </ClCompile>
    <ClCompile Include="PresentMonTraceConsumer.cpp">
      <Filter>PresentMon</Filter>
    </ClCompile>
    <ClCompile Include="ProcessTraceConsumer.cpp">
      <Filter>PresentMon</Filter>
    </ClCompile>
    <ClCompile Include="SwapChainData.cpp">
      <Filter>PresentMon</Filter>
    </ClCompile>
    <ClCompile Include="TraceConsumer.cpp">
      <Filter>PresentMon</Filter>
    </ClCompile>
    <ClCompile Include="TraceSession.cpp">
      <Filter>PresentMon</Filter>
    </ClCompile>
    <ClCompile Include="Source\Recording\Recording.cpp">
      <Filter>Recording</Filter>
    </ClCompile>
    <ClCompile Include="Source\Recording\RecordingResults.cpp">
      <Filter>Recording</Filter>
    </ClCompile>
    <ClCompile Include="Source\Recording\SimpleResults.cpp">
      <Filter>Recording</Filter>
    </ClCompile>
    <ClCompile Include="Source\Utility\FileDirectory.cpp">
      <Filter>Utility</Filter>
    </ClCompile>
    <ClCompile Include="Source\Utility\ProcessHelper.cpp">
      <Filter>Utility</Filter>
    </ClCompile>
    <ClCompile Include="Source\Utility\ProcessTermination.cpp">
      <Filter>Utility</Filter>
    </ClCompile>
    <ClCompile Include="Source\PresentMonInterface.cpp" />
    <ClCompile Include="..\gameoverlay\d3d\source\IniParser.cpp">
      <Filter>Config</Filter>
    </ClCompile>
    <ClCompile Include="..\gameoverlay\d3d\source\VK_Environment.cpp">
      <Filter>Utility</Filter>
    </ClCompile>
    <ClCompile Include="main.cpp">
      <Filter>PresentMon</Filter>
    </ClCompile>
  </ItemGroup>
  <ItemGroup>
    <ClInclude Include="Source\Config\BlackList.h">
      <Filter>Config</Filter>
    </ClInclude>
    <ClInclude Include="Source\Config\Config.h">
      <Filter>Config</Filter>
    </ClInclude>
    <ClInclude Include="Source\Logging\MessageLog.h">
      <Filter>Logging</Filter>
    </ClInclude>
    <ClInclude Include="Source\Overlay\GlobalHook.h">
      <Filter>Overlay\Hook</Filter>
    </ClInclude>
    <ClInclude Include="Source\Overlay\Hook.h">
      <Filter>Overlay\Hook</Filter>
    </ClInclude>
    <ClInclude Include="Source\Overlay\DLLInjection.h">
      <Filter>Overlay\Injection</Filter>
    </ClInclude>
    <ClInclude Include="Source\Overlay\OverlayMessage.h">
      <Filter>Overlay\Injection</Filter>
    </ClInclude>
    <ClInclude Include="Source\Overlay\Overlay.h">
      <Filter>Overlay</Filter>
    </ClInclude>
    <ClInclude Include="Source\Overlay\OverlayInterface.h">
      <Filter>Overlay</Filter>
    </ClInclude>
    <ClInclude Include="CommonIncludes.hpp">
      <Filter>PresentMon</Filter>
    </ClInclude>
    <ClInclude Include="PresentMon.hpp">
      <Filter>PresentMon</Filter>
    </ClInclude>
    <ClInclude Include="PresentMonTraceConsumer.hpp">
      <Filter>PresentMon</Filter>
    </ClInclude>
    <ClInclude Include="ProcessTraceConsumer.hpp">
      <Filter>PresentMon</Filter>
    </ClInclude>
    <ClInclude Include="SwapChainData.hpp">
      <Filter>PresentMon</Filter>
    </ClInclude>
    <ClInclude Include="TraceConsumer.hpp">
      <Filter>PresentMon</Filter>
    </ClInclude>
    <ClInclude Include="TraceSession.hpp">
      <Filter>PresentMon</Filter>
    </ClInclude>
    <ClInclude Include="Source\Recording\Recording.h">
      <Filter>Recording</Filter>
    </ClInclude>
    <ClInclude Include="Source\Recording\RecordingResults.h">
      <Filter>Recording</Filter>
    </ClInclude>
    <ClInclude Include="Source\Recording\SimpleResults.h">
      <Filter>Recording</Filter>
    </ClInclude>
    <ClInclude Include="Source\Utility\Constants.h">
      <Filter>Utility</Filter>
    </ClInclude>
    <ClInclude Include="Source\Utility\FileDirectory.h">
      <Filter>Utility</Filter>
    </ClInclude>
    <ClInclude Include="Source\Utility\ProcessHelper.h">
      <Filter>Utility</Filter>
    </ClInclude>
    <ClInclude Include="Source\Utility\ProcessTermination.h">
      <Filter>Utility</Filter>
    </ClInclude>
    <ClInclude Include="Source\PresentMonInterface.h" />
    <ClInclude Include="resource.h" />
    <ClInclude Include="..\gameoverlay\d3d\source\IniParser.h">
      <Filter>Config</Filter>
    </ClInclude>
    <ClInclude Include="..\gameoverlay\d3d\source\VK_Environment.h">
      <Filter>Utility</Filter>
    </ClInclude>
  </ItemGroup>
  <ItemGroup>
    <Filter Include="Config">
      <UniqueIdentifier>{348848d9-b22e-4c2f-8943-5c0f8328d8e1}</UniqueIdentifier>
    </Filter>
    <Filter Include="Logging">
      <UniqueIdentifier>{4baa1e23-64ec-492d-b060-b081d445eb97}</UniqueIdentifier>
    </Filter>
    <Filter Include="Overlay">
      <UniqueIdentifier>{8a9821f1-5a95-4c12-b605-3c5cb39c5422}</UniqueIdentifier>
    </Filter>
    <Filter Include="Overlay\Hook">
      <UniqueIdentifier>{9968fa1a-173f-43b7-a3ad-e6b93eb7c6e7}</UniqueIdentifier>
    </Filter>
    <Filter Include="Overlay\Injection">
      <UniqueIdentifier>{3bd8760d-1e91-4315-a40c-9429a72695cc}</UniqueIdentifier>
    </Filter>
    <Filter Include="PresentMon">
      <UniqueIdentifier>{ad773b8c-4f84-4c53-9964-339799a6b1ba}</UniqueIdentifier>
    </Filter>
    <Filter Include="Recording">
      <UniqueIdentifier>{52bd7b0c-d894-4968-a383-50cb555cb880}</UniqueIdentifier>
    </Filter>
    <Filter Include="Utility">
      <UniqueIdentifier>{30016dfd-2e09-4477-841b-332466c7fde5}</UniqueIdentifier>
    </Filter>
  </ItemGroup>
  <ItemGroup>
    <ResourceCompile Include="PresentMon.rc" />
  </ItemGroup>
</Project>