
Microsoft Visual Studio Solution File, Format Version 12.00
# Visual Studio 14
VisualStudioVersion = 14.0.25420.1
MinimumVisualStudioVersion = 10.0.40219.1
Project("{8BC9CEB8-8B4A-11D0-8D11-00A0C91BC942}") = "PresentMon", "PresentMon\PresentMon.vcxproj", "{4EB9794B-1F12-48CE-ADC1-917E9810F29E}"
	ProjectSection(ProjectDependencies) = postProject
		{892028E5-32F6-45FC-8AB2-90FCBCAC4BF6} = {892028E5-32F6-45FC-8AB2-90FCBCAC4BF6}
	EndProjectSection
EndProject
Project("{8BC9CEB8-8B4A-11D0-8D11-00A0C91BC942}") = "PresentData", "PresentData\PresentData.vcxproj", "{892028E5-32F6-45FC-8AB2-90FCBCAC4BF6}"
EndProject
Global
	GlobalSection(SolutionConfigurationPlatforms) = preSolution
		Debug|x64 = Debug|x64
		Debug|x86 = Debug|x86
		Release|x64 = Release|x64
		Release|x86 = Release|x86
	EndGlobalSection
	GlobalSection(ProjectConfigurationPlatforms) = postSolution
		{4EB9794B-1F12-48CE-ADC1-917E9810F29E}.Debug|x64.ActiveCfg = Debug|x64
		{4EB9794B-1F12-48CE-ADC1-917E9810F29E}.Debug|x64.Build.0 = Debug|x64
		{4EB9794B-1F12-48CE-ADC1-917E9810F29E}.Debug|x86.ActiveCfg = Debug|Win32
		{4EB9794B-1F12-48CE-ADC1-917E9810F29E}.Debug|x86.Build.0 = Debug|Win32
		{4EB9794B-1F12-48CE-ADC1-917E9810F29E}.Release|x64.ActiveCfg = Release|x64
		{4EB9794B-1F12-48CE-ADC1-917E9810F29E}.Release|x64.Build.0 = Release|x64
		{4EB9794B-1F12-48CE-ADC1-917E9810F29E}.Release|x86.ActiveCfg = Release|Win32
		{4EB9794B-1F12-48CE-ADC1-917E9810F29E}.Release|x86.Build.0 = Release|Win32
		{892028E5-32F6-45FC-8AB2-90FCBCAC4BF6}.Debug|x64.ActiveCfg = Debug|x64
		{892028E5-32F6-45FC-8AB2-90FCBCAC4BF6}.Debug|x64.Build.0 = Debug|x64
		{892028E5-32F6-45FC-8AB2-90FCBCAC4BF6}.Debug|x86.ActiveCfg = Debug|Win32
		{892028E5-32F6-45FC-8AB2-90FCBCAC4BF6}.Debug|x86.Build.0 = Debug|Win32
		{892028E5-32F6-45FC-8AB2-90FCBCAC4BF6}.Release|x64.ActiveCfg = Release|x64
		{892028E5-32F6-45FC-8AB2-90FCBCAC4BF6}.Release|x64.Build.0 = Release|x64
		{892028E5-32F6-45FC-8AB2-90FCBCAC4BF6}.Release|x86.ActiveCfg = Release|Win32
		{892028E5-32F6-45FC-8AB2-90FCBCAC4BF6}.Release|x86.Build.0 = Release|Win32
	EndGlobalSection
	GlobalSection(SolutionProperties) = preSolution
		HideSolutionNode = FALSE
	EndGlobalSection
EndGlobal
