<?xml version="1.0" encoding="utf-8"?>
<Project ToolsVersion="4.0" xmlns="http://schemas.microsoft.com/developer/msbuild/2003">
  <ItemGroup>
    <Filter Include="Resource Files">
      <UniqueIdentifier>{67DA6AB6-F800-4c08-8B7A-83BB121AAD01}</UniqueIdentifier>
      <Extensions>rc;ico;cur;bmp;dlg;rc2;rct;bin;rgs;gif;jpg;jpeg;jpe;resx;tiff;tif;png;wav;mfcribbon-ms</Extensions>
    </Filter>
    <Filter Include="External">
      <UniqueIdentifier>{a38c737e-bd2c-4056-8ebd-0eb0aeaff1cb}</UniqueIdentifier>
    </Filter>
  </ItemGroup>
  <ItemGroup>
    <ResourceCompile Include="UWPDebug.rc">
      <Filter>Resource Files</Filter>
    </ResourceCompile>
  </ItemGroup>
  <ItemGroup>
    <ClInclude Include="resource.h">
      <Filter>Resource Files</Filter>
    </ClInclude>
  </ItemGroup>
  <ItemGroup>
    <ClCompile Include="Source\UWPDebug_Main.cpp" />
    <ClCompile Include="$(SolutionDir)Commons\Overlay\DLLInjection.cpp">
      <Filter>External</Filter>
    </ClCompile>
    <ClCompile Include="$(SolutionDir)Commons\Utility\ProcessHelper.cpp">
      <Filter>External</Filter>
    </ClCompile>
    <ClCompile Include="$(SolutionDir)Commons\Logging\MessageLog.cpp">
      <Filter>External</Filter>
    </ClCompile>
    <ClCompile Include="$(SolutionDir)Commons\Utility\FileDirectory.cpp">
      <Filter>External</Filter>
    </ClCompile>
    <ClCompile Include="$(SolutionDir)Commons\Overlay\OverlayMessage.cpp">
      <Filter>External</Filter>
    </ClCompile>
  </ItemGroup>
</Project>