<?xml version="1.0" encoding="utf-8"?>
<Project ToolsVersion="4.0" xmlns="http://schemas.microsoft.com/developer/msbuild/2003">
  <ItemGroup>
    <ClCompile Include="CommandLine.cpp" />
    <ClCompile Include="main.cpp" />
    <ClCompile Include="PresentMon.cpp" />
    <ClCompile Include="TraceSession.cpp" />
  </ItemGroup>
  <ItemGroup>
    <ClInclude Include="CommandLine.hpp" />
    <ClInclude Include="PresentMon.hpp" />
    <ClInclude Include="TraceSession.hpp" />
  </ItemGroup>
</Project>